
Microsoft Visual Studio Solution File, Format Version 12.00
# Visual Studio 14
VisualStudioVersion = 14.0.25420.1
MinimumVisualStudioVersion = 10.0.40219.1
Project("{FAE04EC0-301F-11D3-BF4B-00C04F79EFBC}") = "Samples.Testing.Domain", "Samples.Testing.Domain\Samples.Testing.Domain.csproj", "{0DFBFEBD-8C8D-4DE0-ACF4-07632ECFCBFF}"
EndProject
Project("{FAE04EC0-301F-11D3-BF4B-00C04F79EFBC}") = "Samples.Testing.Launcher", "Samples.Testing.Launcher\Samples.Testing.Launcher.csproj", "{92849A10-6208-4F20-9E77-CE48B0F82664}"
EndProject
Project("{FAE04EC0-301F-11D3-BF4B-00C04F79EFBC}") = "Samples.Testing.UnitTests", "Samples.Testing.UnitTests\Samples.Testing.UnitTests.csproj", "{2A77BF23-D7CF-4DFC-81A8-D1B75299978E}"
EndProject
Global
	GlobalSection(SolutionConfigurationPlatforms) = preSolution
		Debug|Any CPU = Debug|Any CPU
		Debug|ARM = Debug|ARM
		Debug|x64 = Debug|x64
		Debug|x86 = Debug|x86
		Release|Any CPU = Release|Any CPU
		Release|ARM = Release|ARM
		Release|x64 = Release|x64
		Release|x86 = Release|x86
	EndGlobalSection
	GlobalSection(ProjectConfigurationPlatforms) = postSolution
		{0DFBFEBD-8C8D-4DE0-ACF4-07632ECFCBFF}.Debug|Any CPU.ActiveCfg = Debug|Any CPU
		{0DFBFEBD-8C8D-4DE0-ACF4-07632ECFCBFF}.Debug|Any CPU.Build.0 = Debug|Any CPU
		{0DFBFEBD-8C8D-4DE0-ACF4-07632ECFCBFF}.Debug|ARM.ActiveCfg = Debug|Any CPU
		{0DFBFEBD-8C8D-4DE0-ACF4-07632ECFCBFF}.Debug|ARM.Build.0 = Debug|Any CPU
		{0DFBFEBD-8C8D-4DE0-ACF4-07632ECFCBFF}.Debug|x64.ActiveCfg = Debug|Any CPU
		{0DFBFEBD-8C8D-4DE0-ACF4-07632ECFCBFF}.Debug|x64.Build.0 = Debug|Any CPU
		{0DFBFEBD-8C8D-4DE0-ACF4-07632ECFCBFF}.Debug|x86.ActiveCfg = Debug|Any CPU
		{0DFBFEBD-8C8D-4DE0-ACF4-07632ECFCBFF}.Debug|x86.Build.0 = Debug|Any CPU
		{0DFBFEBD-8C8D-4DE0-ACF4-07632ECFCBFF}.Release|Any CPU.ActiveCfg = Release|Any CPU
		{0DFBFEBD-8C8D-4DE0-ACF4-07632ECFCBFF}.Release|Any CPU.Build.0 = Release|Any CPU
		{0DFBFEBD-8C8D-4DE0-ACF4-07632ECFCBFF}.Release|ARM.ActiveCfg = Release|Any CPU
		{0DFBFEBD-8C8D-4DE0-ACF4-07632ECFCBFF}.Release|ARM.Build.0 = Release|Any CPU
		{0DFBFEBD-8C8D-4DE0-ACF4-07632ECFCBFF}.Release|x64.ActiveCfg = Release|Any CPU
		{0DFBFEBD-8C8D-4DE0-ACF4-07632ECFCBFF}.Release|x64.Build.0 = Release|Any CPU
		{0DFBFEBD-8C8D-4DE0-ACF4-07632ECFCBFF}.Release|x86.ActiveCfg = Release|Any CPU
		{0DFBFEBD-8C8D-4DE0-ACF4-07632ECFCBFF}.Release|x86.Build.0 = Release|Any CPU
		{92849A10-6208-4F20-9E77-CE48B0F82664}.Debug|Any CPU.ActiveCfg = Debug|Any CPU
		{92849A10-6208-4F20-9E77-CE48B0F82664}.Debug|Any CPU.Build.0 = Debug|Any CPU
		{92849A10-6208-4F20-9E77-CE48B0F82664}.Debug|ARM.ActiveCfg = Debug|Any CPU
		{92849A10-6208-4F20-9E77-CE48B0F82664}.Debug|ARM.Build.0 = Debug|Any CPU
		{92849A10-6208-4F20-9E77-CE48B0F82664}.Debug|x64.ActiveCfg = Debug|Any CPU
		{92849A10-6208-4F20-9E77-CE48B0F82664}.Debug|x64.Build.0 = Debug|Any CPU
		{92849A10-6208-4F20-9E77-CE48B0F82664}.Debug|x86.ActiveCfg = Debug|Any CPU
		{92849A10-6208-4F20-9E77-CE48B0F82664}.Debug|x86.Build.0 = Debug|Any CPU
		{92849A10-6208-4F20-9E77-CE48B0F82664}.Release|Any CPU.ActiveCfg = Release|Any CPU
		{92849A10-6208-4F20-9E77-CE48B0F82664}.Release|Any CPU.Build.0 = Release|Any CPU
		{92849A10-6208-4F20-9E77-CE48B0F82664}.Release|ARM.ActiveCfg = Release|Any CPU
		{92849A10-6208-4F20-9E77-CE48B0F82664}.Release|ARM.Build.0 = Release|Any CPU
		{92849A10-6208-4F20-9E77-CE48B0F82664}.Release|x64.ActiveCfg = Release|Any CPU
		{92849A10-6208-4F20-9E77-CE48B0F82664}.Release|x64.Build.0 = Release|Any CPU
		{92849A10-6208-4F20-9E77-CE48B0F82664}.Release|x86.ActiveCfg = Release|Any CPU
		{92849A10-6208-4F20-9E77-CE48B0F82664}.Release|x86.Build.0 = Release|Any CPU
		{2A77BF23-D7CF-4DFC-81A8-D1B75299978E}.Debug|Any CPU.ActiveCfg = Debug|Any CPU
		{2A77BF23-D7CF-4DFC-81A8-D1B75299978E}.Debug|Any CPU.Build.0 = Debug|Any CPU
		{2A77BF23-D7CF-4DFC-81A8-D1B75299978E}.Debug|ARM.ActiveCfg = Debug|Any CPU
		{2A77BF23-D7CF-4DFC-81A8-D1B75299978E}.Debug|ARM.Build.0 = Debug|Any CPU
		{2A77BF23-D7CF-4DFC-81A8-D1B75299978E}.Debug|x64.ActiveCfg = Debug|Any CPU
		{2A77BF23-D7CF-4DFC-81A8-D1B75299978E}.Debug|x64.Build.0 = Debug|Any CPU
		{2A77BF23-D7CF-4DFC-81A8-D1B75299978E}.Debug|x86.ActiveCfg = Debug|Any CPU
		{2A77BF23-D7CF-4DFC-81A8-D1B75299978E}.Debug|x86.Build.0 = Debug|Any CPU
		{2A77BF23-D7CF-4DFC-81A8-D1B75299978E}.Release|Any CPU.ActiveCfg = Release|Any CPU
		{2A77BF23-D7CF-4DFC-81A8-D1B75299978E}.Release|Any CPU.Build.0 = Release|Any CPU
		{2A77BF23-D7CF-4DFC-81A8-D1B75299978E}.Release|ARM.ActiveCfg = Release|Any CPU
		{2A77BF23-D7CF-4DFC-81A8-D1B75299978E}.Release|ARM.Build.0 = Release|Any CPU
		{2A77BF23-D7CF-4DFC-81A8-D1B75299978E}.Release|x64.ActiveCfg = Release|Any CPU
		{2A77BF23-D7CF-4DFC-81A8-D1B75299978E}.Release|x64.Build.0 = Release|Any CPU
		{2A77BF23-D7CF-4DFC-81A8-D1B75299978E}.Release|x86.ActiveCfg = Release|Any CPU
		{2A77BF23-D7CF-4DFC-81A8-D1B75299978E}.Release|x86.Build.0 = Release|Any CPU
	EndGlobalSection
	GlobalSection(SolutionProperties) = preSolution
		HideSolutionNode = FALSE
	EndGlobalSection
EndGlobal
